{
  "object": {
    "pins": [
      {
        "package": "Lottie",
        "repositoryURL": "https://github.com/airbnb/lottie-ios",
        "state": {
          "branch": "lottie/macos-spm",
          "revision": "f4d701070f9743b9ef7b9ac42d386d1ef98b842f",
          "version": null
        }
      }
    ]
  },
  "version": 1
}
